
Microsoft Visual Studio Solution File, Format Version 12.00
# Visual Studio Version 16
VisualStudioVersion = 16.0.33920.266
MinimumVisualStudioVersion = 10.0.40219.1
Project("{FAE04EC0-301F-11D3-BF4B-00C04F79EFBC}") = "Skills International School", "Skills International School\Skills International School.csproj", "{0476E4E2-130F-42BE-961B-7CB3A862AE21}"
EndProject
Global
	GlobalSection(SolutionConfigurationPlatforms) = preSolution
		Debug|Any CPU = Debug|Any CPU
		Release|Any CPU = Release|Any CPU
	EndGlobalSection
	GlobalSection(ProjectConfigurationPlatforms) = postSolution
		{0476E4E2-130F-42BE-961B-7CB3A862AE21}.Debug|Any CPU.ActiveCfg = Debug|Any CPU
		{0476E4E2-130F-42BE-961B-7CB3A862AE21}.Debug|Any CPU.Build.0 = Debug|Any CPU
		{0476E4E2-130F-42BE-961B-7CB3A862AE21}.Release|Any CPU.ActiveCfg = Release|Any CPU
		{0476E4E2-130F-42BE-961B-7CB3A862AE21}.Release|Any CPU.Build.0 = Release|Any CPU
	EndGlobalSection
	GlobalSection(SolutionProperties) = preSolution
		HideSolutionNode = FALSE
	EndGlobalSection
	GlobalSection(ExtensibilityGlobals) = postSolution
		SolutionGuid = {5F65D03C-4970-4BF0-92AA-7348AC0A0495}
	EndGlobalSection
EndGlobal
